// !$*UTF8*$!
{
	archiveVersion = 1;
	classes = {
	};
	objectVersion = 55;
	objects = {

/* Begin PBXBuildFile section */
		B677EF33284AA09E007371D6 /* ClassStructPerformenceLabApp.swift in Sources */ = {isa = PBXBuildFile; fileRef = B677EF32284AA09E007371D6 /* ClassStructPerformenceLabApp.swift */; };
		B677EF35284AA09E007371D6 /* ContentView.swift in Sources */ = {isa = PBXBuildFile; fileRef = B677EF34284AA09E007371D6 /* ContentView.swift */; };
		B677EF37284AA0A0007371D6 /* Assets.xcassets in Resources */ = {isa = PBXBuildFile; fileRef = B677EF36284AA0A0007371D6 /* Assets.xcassets */; };
		B677EF3A284AA0A0007371D6 /* Preview Assets.xcassets in Resources */ = {isa = PBXBuildFile; fileRef = B677EF39284AA0A0007371D6 /* Preview Assets.xcassets */; };
		B677EF44284AA0C0007371D6 /* CellView.swift in Sources */ = {isa = PBXBuildFile; fileRef = B677EF40284AA0BF007371D6 /* CellView.swift */; };
		B677EF45284AA0C0007371D6 /* DummyModel.swift in Sources */ = {isa = PBXBuildFile; fileRef = B677EF41284AA0BF007371D6 /* DummyModel.swift */; };
		B677EF46284AA0C0007371D6 /* DataGenerator.swift in Sources */ = {isa = PBXBuildFile; fileRef = B677EF42284AA0C0007371D6 /* DataGenerator.swift */; };
		B677EF47284AA0C0007371D6 /* ParkBenchTimer.swift in Sources */ = {isa = PBXBuildFile; fileRef = B677EF43284AA0C0007371D6 /* ParkBenchTimer.swift */; };
/* End PBXBuildFile section */

/* Begin PBXFileReference section */
		B677EF2F284AA09E007371D6 /* ClassStructPerformenceLab.app */ = {isa = PBXFileReference; explicitFileType = wrapper.application; includeInIndex = 0; path = ClassStructPerformenceLab.app; sourceTree = BUILT_PRODUCTS_DIR; };
		B677EF32284AA09E007371D6 /* ClassStructPerformenceLabApp.swift */ = {isa = PBXFileReference; lastKnownFileType = sourcecode.swift; path = ClassStructPerformenceLabApp.swift; sourceTree = "<group>"; };
		B677EF34284AA09E007371D6 /* ContentView.swift */ = {isa = PBXFileReference; lastKnownFileType = sourcecode.swift; path = ContentView.swift; sourceTree = "<group>"; };
		B677EF36284AA0A0007371D6 /* Assets.xcassets */ = {isa = PBXFileReference; lastKnownFileType = folder.assetcatalog; path = Assets.xcassets; sourceTree = "<group>"; };
		B677EF39284AA0A0007371D6 /* Preview Assets.xcassets */ = {isa = PBXFileReference; lastKnownFileType = folder.assetcatalog; path = "Preview Assets.xcassets"; sourceTree = "<group>"; };
		B677EF40284AA0BF007371D6 /* CellView.swift */ = {isa = PBXFileReference; fileEncoding = 4; lastKnownFileType = sourcecode.swift; path = CellView.swift; sourceTree = "<group>"; };
		B677EF41284AA0BF007371D6 /* DummyModel.swift */ = {isa = PBXFileReference; fileEncoding = 4; lastKnownFileType = sourcecode.swift; path = DummyModel.swift; sourceTree = "<group>"; };
		B677EF42284AA0C0007371D6 /* DataGenerator.swift */ = {isa = PBXFileReference; fileEncoding = 4; lastKnownFileType = sourcecode.swift; path = DataGenerator.swift; sourceTree = "<group>"; };
		B677EF43284AA0C0007371D6 /* ParkBenchTimer.swift */ = {isa = PBXFileReference; fileEncoding = 4; lastKnownFileType = sourcecode.swift; path = ParkBenchTimer.swift; sourceTree = "<group>"; };
/* End PBXFileReference section */

/* Begin PBXFrameworksBuildPhase section */
		B677EF2C284AA09E007371D6 /* Frameworks */ = {
			isa = PBXFrameworksBuildPhase;
			buildActionMask = 2147483647;
			files = (
			);
			runOnlyForDeploymentPostprocessing = 0;
		};
/* End PBXFrameworksBuildPhase section */

/* Begin PBXGroup section */
		B677EF26284AA09E007371D6 = {
			isa = PBXGroup;
			children = (
				B677EF31284AA09E007371D6 /* ClassStructPerformenceLab */,
				B677EF30284AA09E007371D6 /* Products */,
			);
			sourceTree = "<group>";
		};
		B677EF30284AA09E007371D6 /* Products */ = {
			isa = PBXGroup;
			children = (
				B677EF2F284AA09E007371D6 /* ClassStructPerformenceLab.app */,
			);
			name = Products;
			sourceTree = "<group>";
		};
		B677EF31284AA09E007371D6 /* ClassStructPerformenceLab */ = {
			isa = PBXGroup;
			children = (
				B677EF32284AA09E007371D6 /* ClassStructPerformenceLabApp.swift */,
				B677EF34284AA09E007371D6 /* ContentView.swift */,
				B677EF40284AA0BF007371D6 /* CellView.swift */,
				B677EF42284AA0C0007371D6 /* DataGenerator.swift */,
				B677EF41284AA0BF007371D6 /* DummyModel.swift */,
				B677EF43284AA0C0007371D6 /* ParkBenchTimer.swift */,
				B677EF36284AA0A0007371D6 /* Assets.xcassets */,
				B677EF38284AA0A0007371D6 /* Preview Content */,
			);
			path = ClassStructPerformenceLab;
			sourceTree = "<group>";
		};
		B677EF38284AA0A0007371D6 /* Preview Content */ = {
			isa = PBXGroup;
			children = (
				B677EF39284AA0A0007371D6 /* Preview Assets.xcassets */,
			);
			path = "Preview Content";
			sourceTree = "<group>";
		};
/* End PBXGroup section */

/* Begin PBXNativeTarget section */
		B677EF2E284AA09E007371D6 /* ClassStructPerformenceLab */ = {
			isa = PBXNativeTarget;
			buildConfigurationList = B677EF3D284AA0A0007371D6 /* Build configuration list for PBXNativeTarget "ClassStructPerformenceLab" */;
			buildPhases = (
				B677EF2B284AA09E007371D6 /* Sources */,
				B677EF2C284AA09E007371D6 /* Frameworks */,
				B677EF2D284AA09E007371D6 /* Resources */,
			);
			buildRules = (
			);
			dependencies = (
			);
			name = ClassStructPerformenceLab;
			productName = ClassStructPerformenceLab;
			productReference = B677EF2F284AA09E007371D6 /* ClassStructPerformenceLab.app */;
			productType = "com.apple.product-type.application";
		};
/* End PBXNativeTarget section */

/* Begin PBXProject section */
		B677EF27284AA09E007371D6 /* Project object */ = {
			isa = PBXProject;
			attributes = {
				BuildIndependentTargetsInParallel = 1;
				LastSwiftUpdateCheck = 1330;
				LastUpgradeCheck = 1330;
				TargetAttributes = {
					B677EF2E284AA09E007371D6 = {
						CreatedOnToolsVersion = 13.3.1;
					};
				};
			};
			buildConfigurationList = B677EF2A284AA09E007371D6 /* Build configuration list for PBXProject "ClassStructPerformenceLab" */;
			compatibilityVersion = "Xcode 13.0";
			developmentRegion = en;
			hasScannedForEncodings = 0;
			knownRegions = (
				en,
				Base,
			);
			mainGroup = B677EF26284AA09E007371D6;
			productRefGroup = B677EF30284AA09E007371D6 /* Products */;
			projectDirPath = "";
			projectRoot = "";
			targets = (
				B677EF2E284AA09E007371D6 /* ClassStructPerformenceLab */,
			);
		};
/* End PBXProject section */

/* Begin PBXResourcesBuildPhase section */
		B677EF2D284AA09E007371D6 /* Resources */ = {
			isa = PBXResourcesBuildPhase;
			buildActionMask = 2147483647;
			files = (
				B677EF3A284AA0A0007371D6 /* Preview Assets.xcassets in Resources */,
				B677EF37284AA0A0007371D6 /* Assets.xcassets in Resources */,
			);
			runOnlyForDeploymentPostprocessing = 0;
		};
/* End PBXResourcesBuildPhase section */

/* Begin PBXSourcesBuildPhase section */
		B677EF2B284AA09E007371D6 /* Sources */ = {
			isa = PBXSourcesBuildPhase;
			buildActionMask = 2147483647;
			files = (
				B677EF47284AA0C0007371D6 /* ParkBenchTimer.swift in Sources */,
				B677EF45284AA0C0007371D6 /* DummyModel.swift in Sources */,
				B677EF35284AA09E007371D6 /* ContentView.swift in Sources */,
				B677EF33284AA09E007371D6 /* ClassStructPerformenceLabApp.swift in Sources */,
				B677EF44284AA0C0007371D6 /* CellView.swift in Sources */,
				B677EF46284AA0C0007371D6 /* DataGenerator.swift in Sources */,
			);
			runOnlyForDeploymentPostprocessing = 0;
		};
/* End PBXSourcesBuildPhase section */

/* Begin XCBuildConfiguration section */
		B677EF3B284AA0A0007371D6 /* Debug */ = {
			isa = XCBuildConfiguration;
			buildSettings = {
				ALWAYS_SEARCH_USER_PATHS = NO;
				CLANG_ANALYZER_NONNULL = YES;
				CLANG_ANALYZER_NUMBER_OBJECT_CONVERSION = YES_AGGRESSIVE;
				CLANG_CXX_LANGUAGE_STANDARD = "gnu++17";
				CLANG_ENABLE_MODULES = YES;
				CLANG_ENABLE_OBJC_ARC = YES;
				CLANG_ENABLE_OBJC_WEAK = YES;
				CLANG_WARN_BLOCK_CAPTURE_AUTORELEASING = YES;
				CLANG_WARN_BOOL_CONVERSION = YES;
				CLANG_WARN_COMMA = YES;
				CLANG_WARN_CONSTANT_CONVERSION = YES;
				CLANG_WARN_DEPRECATED_OBJC_IMPLEMENTATIONS = YES;
				CLANG_WARN_DIRECT_OBJC_ISA_USAGE = YES_ERROR;
				CLANG_WARN_DOCUMENTATION_COMMENTS = YES;
				CLANG_WARN_EMPTY_BODY = YES;
				CLANG_WARN_ENUM_CONVERSION = YES;
				CLANG_WARN_INFINITE_RECURSION = YES;
				CLANG_WARN_INT_CONVERSION = YES;
				CLANG_WARN_NON_LITERAL_NULL_CONVERSION = YES;
				CLANG_WARN_OBJC_IMPLICIT_RETAIN_SELF = YES;
				CLANG_WARN_OBJC_LITERAL_CONVERSION = YES;
				CLANG_WARN_OBJC_ROOT_CLASS = YES_ERROR;
				CLANG_WARN_QUOTED_INCLUDE_IN_FRAMEWORK_HEADER = YES;
				CLANG_WARN_RANGE_LOOP_ANALYSIS = YES;
				CLANG_WARN_STRICT_PROTOTYPES = YES;
				CLANG_WARN_SUSPICIOUS_MOVE = YES;
				CLANG_WARN_UNGUARDED_AVAILABILITY = YES_AGGRESSIVE;
				CLANG_WARN_UNREACHABLE_CODE = YES;
				CLANG_WARN__DUPLICATE_METHOD_MATCH = YES;
				COPY_PHASE_STRIP = NO;
				DEBUG_INFORMATION_FORMAT = dwarf;
				ENABLE_STRICT_OBJC_MSGSEND = YES;
				ENABLE_TESTABILITY = YES;
				GCC_C_LANGUAGE_STANDARD = gnu11;
				GCC_DYNAMIC_NO_PIC = NO;
				GCC_NO_COMMON_BLOCKS = YES;
				GCC_OPTIMIZATION_LEVEL = 0;
				GCC_PREPROCESSOR_DEFINITIONS = (
					"DEBUG=1",
					"$(inherited)",
				);
				GCC_WARN_64_TO_32_BIT_CONVERSION = YES;
				GCC_WARN_ABOUT_RETURN_TYPE = YES_ERROR;
				GCC_WARN_UNDECLARED_SELECTOR = YES;
				GCC_WARN_UNINITIALIZED_AUTOS = YES_AGGRESSIVE;
				GCC_WARN_UNUSED_FUNCTION = YES;
				GCC_WARN_UNUSED_VARIABLE = YES;
				IPHONEOS_DEPLOYMENT_TARGET = 15.4;
				MTL_ENABLE_DEBUG_INFO = INCLUDE_SOURCE;
				MTL_FAST_MATH = YES;
				ONLY_ACTIVE_ARCH = YES;
				SDKROOT = iphoneos;
				SWIFT_ACTIVE_COMPILATION_CONDITIONS = DEBUG;
				SWIFT_OPTIMIZATION_LEVEL = "-Onone";
			};
			name = Debug;
		};
		B677EF3C284AA0A0007371D6 /* Release */ = {
			isa = XCBuildConfiguration;
			buildSettings = {
				ALWAYS_SEARCH_USER_PATHS = NO;
				CLANG_ANALYZER_NONNULL = YES;
				CLANG_ANALYZER_NUMBER_OBJECT_CONVERSION = YES_AGGRESSIVE;
				CLANG_CXX_LANGUAGE_STANDARD = "gnu++17";
				CLANG_ENABLE_MODULES = YES;
				CLANG_ENABLE_OBJC_ARC = YES;
				CLANG_ENABLE_OBJC_WEAK = YES;
				CLANG_WARN_BLOCK_CAPTURE_AUTORELEASING = YES;
				CLANG_WARN_BOOL_CONVERSION = YES;
				CLANG_WARN_COMMA = YES;
				CLANG_WARN_CONSTANT_CONVERSION = YES;
				CLANG_WARN_DEPRECATED_OBJC_IMPLEMENTATIONS = YES;
				CLANG_WARN_DIRECT_OBJC_ISA_USAGE = YES_ERROR;
				CLANG_WARN_DOCUMENTATION_COMMENTS = YES;
				CLANG_WARN_EMPTY_BODY = YES;
				CLANG_WARN_ENUM_CONVERSION = YES;
				CLANG_WARN_INFINITE_RECURSION = YES;
				CLANG_WARN_INT_CONVERSION = YES;
				CLANG_WARN_NON_LITERAL_NULL_CONVERSION = YES;
				CLANG_WARN_OBJC_IMPLICIT_RETAIN_SELF = YES;
				CLANG_WARN_OBJC_LITERAL_CONVERSION = YES;
				CLANG_WARN_OBJC_ROOT_CLASS = YES_ERROR;
				CLANG_WARN_QUOTED_INCLUDE_IN_FRAMEWORK_HEADER = YES;
				CLANG_WARN_RANGE_LOOP_ANALYSIS = YES;
				CLANG_WARN_STRICT_PROTOTYPES = YES;
				CLANG_WARN_SUSPICIOUS_MOVE = YES;
				CLANG_WARN_UNGUARDED_AVAILABILITY = YES_AGGRESSIVE;
				CLANG_WARN_UNREACHABLE_CODE = YES;
				CLANG_WARN__DUPLICATE_METHOD_MATCH = YES;
				COPY_PHASE_STRIP = NO;
				DEBUG_INFORMATION_FORMAT = "dwarf-with-dsym";
				ENABLE_NS_ASSERTIONS = NO;
				ENABLE_STRICT_OBJC_MSGSEND = YES;
				GCC_C_LANGUAGE_STANDARD = gnu11;
				GCC_NO_COMMON_BLOCKS = YES;
				GCC_WARN_64_TO_32_BIT_CONVERSION = YES;
				GCC_WARN_ABOUT_RETURN_TYPE = YES_ERROR;
				GCC_WARN_UNDECLARED_SELECTOR = YES;
				GCC_WARN_UNINITIALIZED_AUTOS = YES_AGGRESSIVE;
				GCC_WARN_UNUSED_FUNCTION = YES;
				GCC_WARN_UNUSED_VARIABLE = YES;
				IPHONEOS_DEPLOYMENT_TARGET = 15.4;
				MTL_ENABLE_DEBUG_INFO = NO;
				MTL_FAST_MATH = YES;
				SDKROOT = iphoneos;
				SWIFT_COMPILATION_MODE = wholemodule;
				SWIFT_OPTIMIZATION_LEVEL = "-O";
				VALIDATE_PRODUCT = YES;
			};
			name = Release;
		};
		B677EF3E284AA0A0007371D6 /* Debug */ = {
			isa = XCBuildConfiguration;
			buildSettings = {
				ASSETCATALOG_COMPILER_APPICON_NAME = AppIcon;
				ASSETCATALOG_COMPILER_GLOBAL_ACCENT_COLOR_NAME = AccentColor;
				CODE_SIGN_STYLE = Automatic;
				CURRENT_PROJECT_VERSION = 1;
				DEVELOPMENT_ASSET_PATHS = "\"ClassStructPerformenceLab/Preview Content\"";
				ENABLE_PREVIEWS = YES;
				GENERATE_INFOPLIST_FILE = YES;
				INFOPLIST_KEY_UIApplicationSceneManifest_Generation = YES;
				INFOPLIST_KEY_UIApplicationSupportsIndirectInputEvents = YES;
				INFOPLIST_KEY_UILaunchScreen_Generation = YES;
				INFOPLIST_KEY_UISupportedInterfaceOrientations_iPad = "UIInterfaceOrientationPortrait UIInterfaceOrientationPortraitUpsideDown UIInterfaceOrientationLandscapeLeft UIInterfaceOrientationLandscapeRight";
				INFOPLIST_KEY_UISupportedInterfaceOrientations_iPhone = "UIInterfaceOrientationPortrait UIInterfaceOrientationLandscapeLeft UIInterfaceOrientationLandscapeRight";
				LD_RUNPATH_SEARCH_PATHS = (
					"$(inherited)",
					"@executable_path/Frameworks",
				);
				MARKETING_VERSION = 1.0;
				PRODUCT_BUNDLE_IDENTIFIER = com.xx.xx.ClassStructPerformenceLab;
				PRODUCT_NAME = "$(TARGET_NAME)";
				SWIFT_EMIT_LOC_STRINGS = YES;
				SWIFT_VERSION = 5.0;
				TARGETED_DEVICE_FAMILY = "1,2";
			};
			name = Debug;
		};
		B677EF3F284AA0A0007371D6 /* Release */ = {
			isa = XCBuildConfiguration;
			buildSettings = {
				ASSETCATALOG_COMPILER_APPICON_NAME = AppIcon;
				ASSETCATALOG_COMPILER_GLOBAL_ACCENT_COLOR_NAME = AccentColor;
				CODE_SIGN_STYLE = Automatic;
				CURRENT_PROJECT_VERSION = 1;
				DEVELOPMENT_ASSET_PATHS = "\"ClassStructPerformenceLab/Preview Content\"";
				ENABLE_PREVIEWS = YES;
				GENERATE_INFOPLIST_FILE = YES;
				INFOPLIST_KEY_UIApplicationSceneManifest_Generation = YES;
				INFOPLIST_KEY_UIApplicationSupportsIndirectInputEvents = YES;
				INFOPLIST_KEY_UILaunchScreen_Generation = YES;
				INFOPLIST_KEY_UISupportedInterfaceOrientations_iPad = "UIInterfaceOrientationPortrait UIInterfaceOrientationPortraitUpsideDown UIInterfaceOrientationLandscapeLeft UIInterfaceOrientationLandscapeRight";
				INFOPLIST_KEY_UISupportedInterfaceOrientations_iPhone = "UIInterfaceOrientationPortrait UIInterfaceOrientationLandscapeLeft UIInterfaceOrientationLandscapeRight";
				LD_RUNPATH_SEARCH_PATHS = (
					"$(inherited)",
					"@executable_path/Frameworks",
				);
				MARKETING_VERSION = 1.0;
				PRODUCT_BUNDLE_IDENTIFIER = com.xx.xx.ClassStructPerformenceLab;
				PRODUCT_NAME = "$(TARGET_NAME)";
				SWIFT_EMIT_LOC_STRINGS = YES;
				SWIFT_VERSION = 5.0;
				TARGETED_DEVICE_FAMILY = "1,2";
			};
			name = Release;
		};
/* End XCBuildConfiguration section */

/* Begin XCConfigurationList section */
		B677EF2A284AA09E007371D6 /* Build configuration list for PBXProject "ClassStructPerformenceLab" */ = {
			isa = XCConfigurationList;
			buildConfigurations = (
				B677EF3B284AA0A0007371D6 /* Debug */,
				B677EF3C284AA0A0007371D6 /* Release */,
			);
			defaultConfigurationIsVisible = 0;
			defaultConfigurationName = Release;
		};
		B677EF3D284AA0A0007371D6 /* Build configuration list for PBXNativeTarget "ClassStructPerformenceLab" */ = {
			isa = XCConfigurationList;
			buildConfigurations = (
				B677EF3E284AA0A0007371D6 /* Debug */,
				B677EF3F284AA0A0007371D6 /* Release */,
			);
			defaultConfigurationIsVisible = 0;
			defaultConfigurationName = Release;
		};
/* End XCConfigurationList section */
	};
	rootObject = B677EF27284AA09E007371D6 /* Project object */;
}
